lockfileVersion: '6.0'

settings:
  autoInstallPeers: true
  excludeLinksFromLockfile: false

dependencies:
  axios:
    specifier: ^1.1.3
    version: 1.5.1
  markdown-it-katex:
    specifier: ^2.0.3
    version: 2.0.3
  moment:
    specifier: ^2.29.4
    version: 2.29.4
  vitepress:
    specifier: 1.0.0-alpha.28
    version: 1.0.0-alpha.28(@algolia/client-search@4.20.0)(search-insights@2.9.0)
  vue-router:
    specifier: ^4.1.6
    version: 4.2.5(vue@3.3.4)
  vuex:
    specifier: ^4.1.0
    version: 4.1.0(vue@3.3.4)

devDependencies:
  vue:
    specifier: ^3.2.45
    version: 3.3.4

packages:

  /@algolia/autocomplete-core@1.9.3(@algolia/client-search@4.20.0)(algoliasearch@4.20.0)(search-insights@2.9.0):
    resolution: {integrity: sha512-009HdfugtGCdC4JdXUbVJClA0q0zh24yyePn+KUGk3rP7j8FEe/m5Yo/z65gn6nP/cM39PxpzqKrL7A6fP6PPw==}
    dependencies:
      '@algolia/autocomplete-plugin-algolia-insights': 1.9.3(@algolia/client-search@4.20.0)(algoliasearch@4.20.0)(search-insights@2.9.0)
      '@algolia/autocomplete-shared': 1.9.3(@algolia/client-search@4.20.0)(algoliasearch@4.20.0)
    transitivePeerDependencies:
      - '@algolia/client-search'
      - algoliasearch
      - search-insights
    dev: false

  /@algolia/autocomplete-plugin-algolia-insights@1.9.3(@algolia/client-search@4.20.0)(algoliasearch@4.20.0)(search-insights@2.9.0):
    resolution: {integrity: sha512-a/yTUkcO/Vyy+JffmAnTWbr4/90cLzw+CC3bRbhnULr/EM0fGNvM13oQQ14f2moLMcVDyAx/leczLlAOovhSZg==}
    peerDependencies:
      search-insights: '>= 1 < 3'
    dependencies:
      '@algolia/autocomplete-shared': 1.9.3(@algolia/client-search@4.20.0)(algoliasearch@4.20.0)
      search-insights: 2.9.0
    transitivePeerDependencies:
      - '@algolia/client-search'
      - algoliasearch
    dev: false

  /@algolia/autocomplete-preset-algolia@1.9.3(@algolia/client-search@4.20.0)(algoliasearch@4.20.0):
    resolution: {integrity: sha512-d4qlt6YmrLMYy95n5TB52wtNDr6EgAIPH81dvvvW8UmuWRgxEtY0NJiPwl/h95JtG2vmRM804M0DSwMCNZlzRA==}
    peerDependencies:
      '@algolia/client-search': '>= 4.9.1 < 6'
      algoliasearch: '>= 4.9.1 < 6'
    dependencies:
      '@algolia/autocomplete-shared': 1.9.3(@algolia/client-search@4.20.0)(algoliasearch@4.20.0)
      '@algolia/client-search': 4.20.0
      algoliasearch: 4.20.0
    dev: false

  /@algolia/autocomplete-shared@1.9.3(@algolia/client-search@4.20.0)(algoliasearch@4.20.0):
    resolution: {integrity: sha512-Wnm9E4Ye6Rl6sTTqjoymD+l8DjSTHsHboVRYrKgEt8Q7UHm9nYbqhN/i0fhUYA3OAEH7WA8x3jfpnmJm3rKvaQ==}
    peerDependencies:
      '@algolia/client-search': '>= 4.9.1 < 6'
      algoliasearch: '>= 4.9.1 < 6'
    dependencies:
      '@algolia/client-search': 4.20.0
      algoliasearch: 4.20.0
    dev: false

  /@algolia/cache-browser-local-storage@4.20.0:
    resolution: {integrity: sha512-uujahcBt4DxduBTvYdwO3sBfHuJvJokiC3BP1+O70fglmE1ShkH8lpXqZBac1rrU3FnNYSUs4pL9lBdTKeRPOQ==}
    dependencies:
      '@algolia/cache-common': 4.20.0
    dev: false

  /@algolia/cache-common@4.20.0:
    resolution: {integrity: sha512-vCfxauaZutL3NImzB2G9LjLt36vKAckc6DhMp05An14kVo8F1Yofb6SIl6U3SaEz8pG2QOB9ptwM5c+zGevwIQ==}
    dev: false

  /@algolia/cache-in-memory@4.20.0:
    resolution: {integrity: sha512-Wm9ak/IaacAZXS4mB3+qF/KCoVSBV6aLgIGFEtQtJwjv64g4ePMapORGmCyulCFwfePaRAtcaTbMcJF+voc/bg==}
    dependencies:
      '@algolia/cache-common': 4.20.0
    dev: false

  /@algolia/client-account@4.20.0:
    resolution: {integrity: sha512-GGToLQvrwo7am4zVkZTnKa72pheQeez/16sURDWm7Seyz+HUxKi3BM6fthVVPUEBhtJ0reyVtuK9ArmnaKl10Q==}
    dependencies:
      '@algolia/client-common': 4.20.0
      '@algolia/client-search': 4.20.0
      '@algolia/transporter': 4.20.0
    dev: false

  /@algolia/client-analytics@4.20.0:
    resolution: {integrity: sha512-EIr+PdFMOallRdBTHHdKI3CstslgLORQG7844Mq84ib5oVFRVASuuPmG4bXBgiDbcsMLUeOC6zRVJhv1KWI0ug==}
    dependencies:
      '@algolia/client-common': 4.20.0
      '@algolia/client-search': 4.20.0
      '@algolia/requester-common': 4.20.0
      '@algolia/transporter': 4.20.0
    dev: false

  /@algolia/client-common@4.20.0:
    resolution: {integrity: sha512-P3WgMdEss915p+knMMSd/fwiHRHKvDu4DYRrCRaBrsfFw7EQHon+EbRSm4QisS9NYdxbS04kcvNoavVGthyfqQ==}
    dependencies:
      '@algolia/requester-common': 4.20.0
      '@algolia/transporter': 4.20.0
    dev: false

  /@algolia/client-personalization@4.20.0:
    resolution: {integrity: sha512-N9+zx0tWOQsLc3K4PVRDV8GUeOLAY0i445En79Pr3zWB+m67V+n/8w4Kw1C5LlbHDDJcyhMMIlqezh6BEk7xAQ==}
    dependencies:
      '@algolia/client-common': 4.20.0
      '@algolia/requester-common': 4.20.0
      '@algolia/transporter': 4.20.0
    dev: false

  /@algolia/client-search@4.20.0:
    resolution: {integrity: sha512-zgwqnMvhWLdpzKTpd3sGmMlr4c+iS7eyyLGiaO51zDZWGMkpgoNVmltkzdBwxOVXz0RsFMznIxB9zuarUv4TZg==}
    dependencies:
      '@algolia/client-common': 4.20.0
      '@algolia/requester-common': 4.20.0
      '@algolia/transporter': 4.20.0
    dev: false

  /@algolia/logger-common@4.20.0:
    resolution: {integrity: sha512-xouigCMB5WJYEwvoWW5XDv7Z9f0A8VoXJc3VKwlHJw/je+3p2RcDXfksLI4G4lIVncFUYMZx30tP/rsdlvvzHQ==}
    dev: false

  /@algolia/logger-console@4.20.0:
    resolution: {integrity: sha512-THlIGG1g/FS63z0StQqDhT6bprUczBI8wnLT3JWvfAQDZX5P6fCg7dG+pIrUBpDIHGszgkqYEqECaKKsdNKOUA==}
    dependencies:
      '@algolia/logger-common': 4.20.0
    dev: false

  /@algolia/requester-browser-xhr@4.20.0:
    resolution: {integrity: sha512-HbzoSjcjuUmYOkcHECkVTwAelmvTlgs48N6Owt4FnTOQdwn0b8pdht9eMgishvk8+F8bal354nhx/xOoTfwiAw==}
    dependencies:
      '@algolia/requester-common': 4.20.0
    dev: false

  /@algolia/requester-common@4.20.0:
    resolution: {integrity: sha512-9h6ye6RY/BkfmeJp7Z8gyyeMrmmWsMOCRBXQDs4mZKKsyVlfIVICpcSibbeYcuUdurLhIlrOUkH3rQEgZzonng==}
    dev: false

  /@algolia/requester-node-http@4.20.0:
    resolution: {integrity: sha512-ocJ66L60ABSSTRFnCHIEZpNHv6qTxsBwJEPfYaSBsLQodm0F9ptvalFkHMpvj5DfE22oZrcrLbOYM2bdPJRHng==}
    dependencies:
      '@algolia/requester-common': 4.20.0
    dev: false

  /@algolia/transporter@4.20.0:
    resolution: {integrity: sha512-Lsii1pGWOAISbzeyuf+r/GPhvHMPHSPrTDWNcIzOE1SG1inlJHICaVe2ikuoRjcpgxZNU54Jl+if15SUCsaTUg==}
    dependencies:
      '@algolia/cache-common': 4.20.0
      '@algolia/logger-common': 4.20.0
      '@algolia/requester-common': 4.20.0
    dev: false

  /@babel/helper-string-parser@7.22.5:
    resolution: {integrity: sha512-mM4COjgZox8U+JcXQwPijIZLElkgEpO5rsERVDJTc2qfCDfERyob6k5WegS14SX18IIjv+XD+GrqNumY5JRCDw==}
    engines: {node: '>=6.9.0'}

  /@babel/helper-validator-identifier@7.22.20:
    resolution: {integrity: sha512-Y4OZ+ytlatR8AI+8KZfKuL5urKp7qey08ha31L8b3BwewJAoJamTzyvxPR/5D+KkdJCGPq/+8TukHBlY10FX9A==}
    engines: {node: '>=6.9.0'}

  /@babel/parser@7.23.0:
    resolution: {integrity: sha512-vvPKKdMemU85V9WE/l5wZEmImpCtLqbnTvqDS2U1fJ96KrxoW7KrXhNsNCblQlg8Ck4b85yxdTyelsMUgFUXiw==}
    engines: {node: '>=6.0.0'}
    hasBin: true
    dependencies:
      '@babel/types': 7.23.0

  /@babel/types@7.23.0:
    resolution: {integrity: sha512-0oIyUfKoI3mSqMvsxBdclDwxXKXAUA8v/apZbc+iSyARYou1o8ZGDxbUYyLFoW2arqS2jDGqJuZvv1d/io1axg==}
    engines: {node: '>=6.9.0'}
    dependencies:
      '@babel/helper-string-parser': 7.22.5
      '@babel/helper-validator-identifier': 7.22.20
      to-fast-properties: 2.0.0

  /@docsearch/css@3.5.2:
    resolution: {integrity: sha512-SPiDHaWKQZpwR2siD0KQUwlStvIAnEyK6tAE2h2Wuoq8ue9skzhlyVQ1ddzOxX6khULnAALDiR/isSF3bnuciA==}
    dev: false

  /@docsearch/js@3.5.2(@algolia/client-search@4.20.0)(search-insights@2.9.0):
    resolution: {integrity: sha512-p1YFTCDflk8ieHgFJYfmyHBki1D61+U9idwrLh+GQQMrBSP3DLGKpy0XUJtPjAOPltcVbqsTjiPFfH7JImjUNg==}
    dependencies:
      '@docsearch/react': 3.5.2(@algolia/client-search@4.20.0)(search-insights@2.9.0)
      preact: 10.18.1
    transitivePeerDependencies:
      - '@algolia/client-search'
      - '@types/react'
      - react
      - react-dom
      - search-insights
    dev: false

  /@docsearch/react@3.5.2(@algolia/client-search@4.20.0)(search-insights@2.9.0):
    resolution: {integrity: sha512-9Ahcrs5z2jq/DcAvYtvlqEBHImbm4YJI8M9y0x6Tqg598P40HTEkX7hsMcIuThI+hTFxRGZ9hll0Wygm2yEjng==}
    peerDependencies:
      '@types/react': '>= 16.8.0 < 19.0.0'
      react: '>= 16.8.0 < 19.0.0'
      react-dom: '>= 16.8.0 < 19.0.0'
      search-insights: '>= 1 < 3'
    peerDependenciesMeta:
      '@types/react':
        optional: true
      react:
        optional: true
      react-dom:
        optional: true
      search-insights:
        optional: true
    dependencies:
      '@algolia/autocomplete-core': 1.9.3(@algolia/client-search@4.20.0)(algoliasearch@4.20.0)(search-insights@2.9.0)
      '@algolia/autocomplete-preset-algolia': 1.9.3(@algolia/client-search@4.20.0)(algoliasearch@4.20.0)
      '@docsearch/css': 3.5.2
      algoliasearch: 4.20.0
      search-insights: 2.9.0
    transitivePeerDependencies:
      - '@algolia/client-search'
    dev: false

  /@esbuild/android-arm@0.15.18:
    resolution: {integrity: sha512-5GT+kcs2WVGjVs7+boataCkO5Fg0y4kCjzkB5bAip7H4jfnOS3dA6KPiww9W1OEKTKeAcUVhdZGvgI65OXmUnw==}
    engines: {node: '>=12'}
    cpu: [arm]
    os: [android]
    requiresBuild: true
    dev: false
    optional: true

  /@esbuild/linux-loong64@0.15.18:
    resolution: {integrity: sha512-L4jVKS82XVhw2nvzLg/19ClLWg0y27ulRwuP7lcyL6AbUWB5aPglXY3M21mauDQMDfRLs8cQmeT03r/+X3cZYQ==}
    engines: {node: '>=12'}
    cpu: [loong64]
    os: [linux]
    requiresBuild: true
    dev: false
    optional: true

  /@jridgewell/sourcemap-codec@1.4.15:
    resolution: {integrity: sha512-eF2rxCRulEKXHTRiDrDy6erMYWqNw4LPdQ8UQA4huuxaQsVeRPFl2oM8oDGxMFhJUWZf9McpLtJasDDZb/Bpeg==}

  /@types/web-bluetooth@0.0.16:
    resolution: {integrity: sha512-oh8q2Zc32S6gd/j50GowEjKLoOVOwHP/bWVjKJInBwQqdOYMdPrf1oVlelTlyfFK3CKxL1uahMDAr+vy8T7yMQ==}
    dev: false

  /@vitejs/plugin-vue@3.2.0(vite@3.2.7)(vue@3.3.4):
    resolution: {integrity: sha512-E0tnaL4fr+qkdCNxJ+Xd0yM31UwMkQje76fsDVBBUCoGOUPexu2VDUYHL8P4CwV+zMvWw6nlRw19OnRKmYAJpw==}
    engines: {node: ^14.18.0 || >=16.0.0}
    peerDependencies:
      vite: ^3.0.0
      vue: ^3.2.25
    dependencies:
      vite: 3.2.7
      vue: 3.3.4
    dev: false

  /@vue/compiler-core@3.3.4:
    resolution: {integrity: sha512-cquyDNvZ6jTbf/+x+AgM2Arrp6G4Dzbb0R64jiG804HRMfRiFXWI6kqUVqZ6ZR0bQhIoQjB4+2bhNtVwndW15g==}
    dependencies:
      '@babel/parser': 7.23.0
      '@vue/shared': 3.3.4
      estree-walker: 2.0.2
      source-map-js: 1.0.2

  /@vue/compiler-dom@3.3.4:
    resolution: {integrity: sha512-wyM+OjOVpuUukIq6p5+nwHYtj9cFroz9cwkfmP9O1nzH68BenTTv0u7/ndggT8cIQlnBeOo6sUT/gvHcIkLA5w==}
    dependencies:
      '@vue/compiler-core': 3.3.4
      '@vue/shared': 3.3.4

  /@vue/compiler-sfc@3.3.4:
    resolution: {integrity: sha512-6y/d8uw+5TkCuzBkgLS0v3lSM3hJDntFEiUORM11pQ/hKvkhSKZrXW6i69UyXlJQisJxuUEJKAWEqWbWsLeNKQ==}
    dependencies:
      '@babel/parser': 7.23.0
      '@vue/compiler-core': 3.3.4
      '@vue/compiler-dom': 3.3.4
      '@vue/compiler-ssr': 3.3.4
      '@vue/reactivity-transform': 3.3.4
      '@vue/shared': 3.3.4
      estree-walker: 2.0.2
      magic-string: 0.30.5
      postcss: 8.4.31
      source-map-js: 1.0.2

  /@vue/compiler-ssr@3.3.4:
    resolution: {integrity: sha512-m0v6oKpup2nMSehwA6Uuu+j+wEwcy7QmwMkVNVfrV9P2qE5KshC6RwOCq8fjGS/Eak/uNb8AaWekfiXxbBB6gQ==}
    dependencies:
      '@vue/compiler-dom': 3.3.4
      '@vue/shared': 3.3.4

  /@vue/devtools-api@6.5.1:
    resolution: {integrity: sha512-+KpckaAQyfbvshdDW5xQylLni1asvNSGme1JFs8I1+/H5pHEhqUKMEQD/qn3Nx5+/nycBq11qAEi8lk+LXI2dA==}
    dev: false

  /@vue/reactivity-transform@3.3.4:
    resolution: {integrity: sha512-MXgwjako4nu5WFLAjpBnCj/ieqcjE2aJBINUNQzkZQfzIZA4xn+0fV1tIYBJvvva3N3OvKGofRLvQIwEQPpaXw==}
    dependencies:
      '@babel/parser': 7.23.0
      '@vue/compiler-core': 3.3.4
      '@vue/shared': 3.3.4
      estree-walker: 2.0.2
      magic-string: 0.30.5

  /@vue/reactivity@3.3.4:
    resolution: {integrity: sha512-kLTDLwd0B1jG08NBF3R5rqULtv/f8x3rOFByTDz4J53ttIQEDmALqKqXY0J+XQeN0aV2FBxY8nJDf88yvOPAqQ==}
    dependencies:
      '@vue/shared': 3.3.4

  /@vue/runtime-core@3.3.4:
    resolution: {integrity: sha512-R+bqxMN6pWO7zGI4OMlmvePOdP2c93GsHFM/siJI7O2nxFRzj55pLwkpCedEY+bTMgp5miZ8CxfIZo3S+gFqvA==}
    dependencies:
      '@vue/reactivity': 3.3.4
      '@vue/shared': 3.3.4

  /@vue/runtime-dom@3.3.4:
    resolution: {integrity: sha512-Aj5bTJ3u5sFsUckRghsNjVTtxZQ1OyMWCr5dZRAPijF/0Vy4xEoRCwLyHXcj4D0UFbJ4lbx3gPTgg06K/GnPnQ==}
    dependencies:
      '@vue/runtime-core': 3.3.4
      '@vue/shared': 3.3.4
      csstype: 3.1.2

  /@vue/server-renderer@3.3.4(vue@3.3.4):
    resolution: {integrity: sha512-Q6jDDzR23ViIb67v+vM1Dqntu+HUexQcsWKhhQa4ARVzxOY2HbC7QRW/ggkDBd5BU+uM1sV6XOAP0b216o34JQ==}
    peerDependencies:
      vue: 3.3.4
    dependencies:
      '@vue/compiler-ssr': 3.3.4
      '@vue/shared': 3.3.4
      vue: 3.3.4

  /@vue/shared@3.3.4:
    resolution: {integrity: sha512-7OjdcV8vQ74eiz1TZLzZP4JwqM5fA94K6yntPS5Z25r9HDuGNzaGdgvwKYq6S+MxwF0TFRwe50fIR/MYnakdkQ==}

  /@vueuse/core@9.13.0(vue@3.3.4):
    resolution: {integrity: sha512-pujnclbeHWxxPRqXWmdkKV5OX4Wk4YeK7wusHqRwU0Q7EFusHoqNA/aPhB6KCh9hEqJkLAJo7bb0Lh9b+OIVzw==}
    dependencies:
      '@types/web-bluetooth': 0.0.16
      '@vueuse/metadata': 9.13.0
      '@vueuse/shared': 9.13.0(vue@3.3.4)
      vue-demi: 0.14.6(vue@3.3.4)
    transitivePeerDependencies:
      - '@vue/composition-api'
      - vue
    dev: false

  /@vueuse/metadata@9.13.0:
    resolution: {integrity: sha512-gdU7TKNAUVlXXLbaF+ZCfte8BjRJQWPCa2J55+7/h+yDtzw3vOoGQDRXzI6pyKyo6bXFT5/QoPE4hAknExjRLQ==}
    dev: false

  /@vueuse/shared@9.13.0(vue@3.3.4):
    resolution: {integrity: sha512-UrnhU+Cnufu4S6JLCPZnkWh0WwZGUp72ktOF2DFptMlOs3TOdVv8xJN53zhHGARmVOsz5KqOls09+J1NR6sBKw==}
    dependencies:
      vue-demi: 0.14.6(vue@3.3.4)
    transitivePeerDependencies:
      - '@vue/composition-api'
      - vue
    dev: false

  /algoliasearch@4.20.0:
    resolution: {integrity: sha512-y+UHEjnOItoNy0bYO+WWmLWBlPwDjKHW6mNHrPi0NkuhpQOOEbrkwQH/wgKFDLh7qlKjzoKeiRtlpewDPDG23g==}
    dependencies:
      '@algolia/cache-browser-local-storage': 4.20.0
      '@algolia/cache-common': 4.20.0
      '@algolia/cache-in-memory': 4.20.0
      '@algolia/client-account': 4.20.0
      '@algolia/client-analytics': 4.20.0
      '@algolia/client-common': 4.20.0
      '@algolia/client-personalization': 4.20.0
      '@algolia/client-search': 4.20.0
      '@algolia/logger-common': 4.20.0
      '@algolia/logger-console': 4.20.0
      '@algolia/requester-browser-xhr': 4.20.0
      '@algolia/requester-common': 4.20.0
      '@algolia/requester-node-http': 4.20.0
      '@algolia/transporter': 4.20.0
    dev: false

  /asynckit@0.4.0:
    resolution: {integrity: sha512-Oei9OH4tRh0YqU3GxhX79dM/mwVgvbZJaSNaRk+bshkj0S5cfHcgYakreBjrHwatXKbz+IoIdYLxrKim2MjW0Q==}
    dev: false

  /axios@1.5.1:
    resolution: {integrity: sha512-Q28iYCWzNHjAm+yEAot5QaAMxhMghWLFVf7rRdwhUI+c2jix2DUXjAHXVi+s1ibs3mjPO/cCgbA++3BjD0vP/A==}
    dependencies:
      follow-redirects: 1.15.3
      form-data: 4.0.0
      proxy-from-env: 1.1.0
    transitivePeerDependencies:
      - debug
    dev: false

  /body-scroll-lock@4.0.0-beta.0:
    resolution: {integrity: sha512-a7tP5+0Mw3YlUJcGAKUqIBkYYGlYxk2fnCasq/FUph1hadxlTRjF+gAcZksxANnaMnALjxEddmSi/H3OR8ugcQ==}
    dev: false

  /combined-stream@1.0.8:
    resolution: {integrity: sha512-FQN4MRfuJeHf7cBbBMJFXhKSDq+2kAArBlmRBvcvFE5BB1HZKXtSFASDhdlz9zOYwxh8lDdnvmMOe/+5cdoEdg==}
    engines: {node: '>= 0.8'}
    dependencies:
      delayed-stream: 1.0.0
    dev: false

  /csstype@3.1.2:
    resolution: {integrity: sha512-I7K1Uu0MBPzaFKg4nI5Q7Vs2t+3gWWW648spaF+Rg7pI9ds18Ugn+lvg4SHczUdKlHI5LWBXyqfS8+DufyBsgQ==}

  /delayed-stream@1.0.0:
    resolution: {integrity: sha512-ZySD7Nf91aLB0RxL4KGrKHBXl7Eds1DAmEdcoVawXnLD7SDhpNgtuII2aAkg7a7QS41jxPSZ17p4VdGnMHk3MQ==}
    engines: {node: '>=0.4.0'}
    dev: false

  /esbuild-android-64@0.15.18:
    resolution: {integrity: sha512-wnpt3OXRhcjfIDSZu9bnzT4/TNTDsOUvip0foZOUBG7QbSt//w3QV4FInVJxNhKc/ErhUxc5z4QjHtMi7/TbgA==}
    engines: {node: '>=12'}
    cpu: [x64]
    os: [android]
    requiresBuild: true
    dev: false
    optional: true

  /esbuild-android-arm64@0.15.18:
    resolution: {integrity: sha512-G4xu89B8FCzav9XU8EjsXacCKSG2FT7wW9J6hOc18soEHJdtWu03L3TQDGf0geNxfLTtxENKBzMSq9LlbjS8OQ==}
    engines: {node: '>=12'}
    cpu: [arm64]
    os: [android]
    requiresBuild: true
    dev: false
    optional: true

  /esbuild-darwin-64@0.15.18:
    resolution: {integrity: sha512-2WAvs95uPnVJPuYKP0Eqx+Dl/jaYseZEUUT1sjg97TJa4oBtbAKnPnl3b5M9l51/nbx7+QAEtuummJZW0sBEmg==}
    engines: {node: '>=12'}
    cpu: [x64]
    os: [darwin]
    requiresBuild: true
    dev: false
    optional: true

  /esbuild-darwin-arm64@0.15.18:
    resolution: {integrity: sha512-tKPSxcTJ5OmNb1btVikATJ8NftlyNlc8BVNtyT/UAr62JFOhwHlnoPrhYWz09akBLHI9nElFVfWSTSRsrZiDUA==}
    engines: {node: '>=12'}
    cpu: [arm64]
    os: [darwin]
    requiresBuild: true
    dev: false
    optional: true

  /esbuild-freebsd-64@0.15.18:
    resolution: {integrity: sha512-TT3uBUxkteAjR1QbsmvSsjpKjOX6UkCstr8nMr+q7zi3NuZ1oIpa8U41Y8I8dJH2fJgdC3Dj3CXO5biLQpfdZA==}
    engines: {node: '>=12'}
    cpu: [x64]
    os: [freebsd]
    requiresBuild: true
    dev: false
    optional: true

  /esbuild-freebsd-arm64@0.15.18:
    resolution: {integrity: sha512-R/oVr+X3Tkh+S0+tL41wRMbdWtpWB8hEAMsOXDumSSa6qJR89U0S/PpLXrGF7Wk/JykfpWNokERUpCeHDl47wA==}
    engines: {node: '>=12'}
    cpu: [arm64]
    os: [freebsd]
    requiresBuild: true
    dev: false
    optional: true

  /esbuild-linux-32@0.15.18:
    resolution: {integrity: sha512-lphF3HiCSYtaa9p1DtXndiQEeQDKPl9eN/XNoBf2amEghugNuqXNZA/ZovthNE2aa4EN43WroO0B85xVSjYkbg==}
    engines: {node: '>=12'}
    cpu: [ia32]
    os: [linux]
    requiresBuild: true
    dev: false
    optional: true

  /esbuild-linux-64@0.15.18:
    resolution: {integrity: sha512-hNSeP97IviD7oxLKFuii5sDPJ+QHeiFTFLoLm7NZQligur8poNOWGIgpQ7Qf8Balb69hptMZzyOBIPtY09GZYw==}
    engines: {node: '>=12'}
    cpu: [x64]
    os: [linux]
    requiresBuild: true
    dev: false
    optional: true

  /esbuild-linux-arm64@0.15.18:
    resolution: {integrity: sha512-54qr8kg/6ilcxd+0V3h9rjT4qmjc0CccMVWrjOEM/pEcUzt8X62HfBSeZfT2ECpM7104mk4yfQXkosY8Quptug==}
    engines: {node: '>=12'}
    cpu: [arm64]
    os: [linux]
    requiresBuild: true
    dev: false
    optional: true

  /esbuild-linux-arm@0.15.18:
    resolution: {integrity: sha512-UH779gstRblS4aoS2qpMl3wjg7U0j+ygu3GjIeTonCcN79ZvpPee12Qun3vcdxX+37O5LFxz39XeW2I9bybMVA==}
    engines: {node: '>=12'}
    cpu: [arm]
    os: [linux]
    requiresBuild: true
    dev: false
    optional: true

  /esbuild-linux-mips64le@0.15.18:
    resolution: {integrity: sha512-Mk6Ppwzzz3YbMl/ZZL2P0q1tnYqh/trYZ1VfNP47C31yT0K8t9s7Z077QrDA/guU60tGNp2GOwCQnp+DYv7bxQ==}
    engines: {node: '>=12'}
    cpu: [mips64el]
    os: [linux]
    requiresBuild: true
    dev: false
    optional: true

  /esbuild-linux-ppc64le@0.15.18:
    resolution: {integrity: sha512-b0XkN4pL9WUulPTa/VKHx2wLCgvIAbgwABGnKMY19WhKZPT+8BxhZdqz6EgkqCLld7X5qiCY2F/bfpUUlnFZ9w==}
    engines: {node: '>=12'}
    cpu: [ppc64]
    os: [linux]
    requiresBuild: true
    dev: false
    optional: true

  /esbuild-linux-riscv64@0.15.18:
    resolution: {integrity: sha512-ba2COaoF5wL6VLZWn04k+ACZjZ6NYniMSQStodFKH/Pu6RxzQqzsmjR1t9QC89VYJxBeyVPTaHuBMCejl3O/xg==}
    engines: {node: '>=12'}
    cpu: [riscv64]
    os: [linux]
    requiresBuild: true
    dev: false
    optional: true

  /esbuild-linux-s390x@0.15.18:
    resolution: {integrity: sha512-VbpGuXEl5FCs1wDVp93O8UIzl3ZrglgnSQ+Hu79g7hZu6te6/YHgVJxCM2SqfIila0J3k0csfnf8VD2W7u2kzQ==}
    engines: {node: '>=12'}
    cpu: [s390x]
    os: [linux]
    requiresBuild: true
    dev: false
    optional: true

  /esbuild-netbsd-64@0.15.18:
    resolution: {integrity: sha512-98ukeCdvdX7wr1vUYQzKo4kQ0N2p27H7I11maINv73fVEXt2kyh4K4m9f35U1K43Xc2QGXlzAw0K9yoU7JUjOg==}
    engines: {node: '>=12'}
    cpu: [x64]
    os: [netbsd]
    requiresBuild: true
    dev: false
    optional: true

  /esbuild-openbsd-64@0.15.18:
    resolution: {integrity: sha512-yK5NCcH31Uae076AyQAXeJzt/vxIo9+omZRKj1pauhk3ITuADzuOx5N2fdHrAKPxN+zH3w96uFKlY7yIn490xQ==}
    engines: {node: '>=12'}
    cpu: [x64]
    os: [openbsd]
    requiresBuild: true
    dev: false
    optional: true

  /esbuild-sunos-64@0.15.18:
    resolution: {integrity: sha512-On22LLFlBeLNj/YF3FT+cXcyKPEI263nflYlAhz5crxtp3yRG1Ugfr7ITyxmCmjm4vbN/dGrb/B7w7U8yJR9yw==}
    engines: {node: '>=12'}
    cpu: [x64]
    os: [sunos]
    requiresBuild: true
    dev: false
    optional: true

  /esbuild-windows-32@0.15.18:
    resolution: {integrity: sha512-o+eyLu2MjVny/nt+E0uPnBxYuJHBvho8vWsC2lV61A7wwTWC3jkN2w36jtA+yv1UgYkHRihPuQsL23hsCYGcOQ==}
    engines: {node: '>=12'}
    cpu: [ia32]
    os: [win32]
    requiresBuild: true
    dev: false
    optional: true

  /esbuild-windows-64@0.15.18:
    resolution: {integrity: sha512-qinug1iTTaIIrCorAUjR0fcBk24fjzEedFYhhispP8Oc7SFvs+XeW3YpAKiKp8dRpizl4YYAhxMjlftAMJiaUw==}
    engines: {node: '>=12'}
    cpu: [x64]
    os: [win32]
    requiresBuild: true
    dev: false
    optional: true

  /esbuild-windows-arm64@0.15.18:
    resolution: {integrity: sha512-q9bsYzegpZcLziq0zgUi5KqGVtfhjxGbnksaBFYmWLxeV/S1fK4OLdq2DFYnXcLMjlZw2L0jLsk1eGoB522WXQ==}
    engines: {node: '>=12'}
    cpu: [arm64]
    os: [win32]
    requiresBuild: true
    dev: false
    optional: true

  /esbuild@0.15.18:
    resolution: {integrity: sha512-x/R72SmW3sSFRm5zrrIjAhCeQSAWoni3CmHEqfQrZIQTM3lVCdehdwuIqaOtfC2slvpdlLa62GYoN8SxT23m6Q==}
    engines: {node: '>=12'}
    hasBin: true
    requiresBuild: true
    optionalDependencies:
      '@esbuild/android-arm': 0.15.18
      '@esbuild/linux-loong64': 0.15.18
      esbuild-android-64: 0.15.18
      esbuild-android-arm64: 0.15.18
      esbuild-darwin-64: 0.15.18
      esbuild-darwin-arm64: 0.15.18
      esbuild-freebsd-64: 0.15.18
      esbuild-freebsd-arm64: 0.15.18
      esbuild-linux-32: 0.15.18
      esbuild-linux-64: 0.15.18
      esbuild-linux-arm: 0.15.18
      esbuild-linux-arm64: 0.15.18
      esbuild-linux-mips64le: 0.15.18
      esbuild-linux-ppc64le: 0.15.18
      esbuild-linux-riscv64: 0.15.18
      esbuild-linux-s390x: 0.15.18
      esbuild-netbsd-64: 0.15.18
      esbuild-openbsd-64: 0.15.18
      esbuild-sunos-64: 0.15.18
      esbuild-windows-32: 0.15.18
      esbuild-windows-64: 0.15.18
      esbuild-windows-arm64: 0.15.18
    dev: false

  /estree-walker@2.0.2:
    resolution: {integrity: sha512-Rfkk/Mp/DL7JVje3u18FxFujQlTNR2q6QfMSMB7AvCBx91NGj/ba3kCfza0f6dVDbw7YlRf/nDrn7pQrCCyQ/w==}

  /follow-redirects@1.15.3:
    resolution: {integrity: sha512-1VzOtuEM8pC9SFU1E+8KfTjZyMztRsgEfwQl44z8A25uy13jSzTj6dyK2Df52iV0vgHCfBwLhDWevLn95w5v6Q==}
    engines: {node: '>=4.0'}
    peerDependencies:
      debug: '*'
    peerDependenciesMeta:
      debug:
        optional: true
    dev: false

  /form-data@4.0.0:
    resolution: {integrity: sha512-ETEklSGi5t0QMZuiXoA/Q6vcnxcLQP5vdugSpuAyi6SVGi2clPPp+xgEhuMaHC+zGgn31Kd235W35f7Hykkaww==}
    engines: {node: '>= 6'}
    dependencies:
      asynckit: 0.4.0
      combined-stream: 1.0.8
      mime-types: 2.1.35
    dev: false

  /fsevents@2.3.3:
    resolution: {integrity: sha512-5xoDfX+fL7faATnagmWPpbFtwh/R77WmMMqqHGS65C3vvB0YHrgF+B1YmZ3441tMj5n63k0212XNoJwzlhffQw==}
    engines: {node: ^8.16.0 || ^10.6.0 || >=11.0.0}
    os: [darwin]
    requiresBuild: true
    dev: false
    optional: true

  /has@1.0.4:
    resolution: {integrity: sha512-qdSAmqLF6209RFj4VVItywPMbm3vWylknmB3nvNiUIs72xAimcM8nVYxYr7ncvZq5qzk9MKIZR8ijqD/1QuYjQ==}
    engines: {node: '>= 0.4.0'}
    dev: false

  /is-core-module@2.13.0:
    resolution: {integrity: sha512-Z7dk6Qo8pOCp3l4tsX2C5ZVas4V+UxwQodwZhLopL91TX8UyyHEXafPcyoeeWuLrwzHcr3igO78wNLwHJHsMCQ==}
    dependencies:
      has: 1.0.4
    dev: false

  /jsonc-parser@3.2.0:
    resolution: {integrity: sha512-gfFQZrcTc8CnKXp6Y4/CBT3fTc0OVuDofpre4aEeEpSBPV5X5v4+Vmx+8snU7RLPrNHPKSgLxGo9YuQzz20o+w==}
    dev: false

  /katex@0.6.0:
    resolution: {integrity: sha512-rS4mY3SvHYg5LtQV6RBcK0if7ur6plyEukAOV+jGGPqFImuzu8fHL6M752iBmRGoUyF0bhZbAPoezehn7xYksA==}
    hasBin: true
    dependencies:
      match-at: 0.1.1
    dev: false

  /magic-string@0.30.5:
    resolution: {integrity: sha512-7xlpfBaQaP/T6Vh8MO/EqXSW5En6INHEvEXQiuff7Gku0PWjU3uf6w/j9o7O+SpB5fOAkrI5HeoNgwjEO0pFsA==}
    engines: {node: '>=12'}
    dependencies:
      '@jridgewell/sourcemap-codec': 1.4.15

  /markdown-it-katex@2.0.3:
    resolution: {integrity: sha512-nUkkMtRWeg7OpdflamflE/Ho/pWl64Lk9wNBKOmaj33XkQdumhXAIYhI0WO03GeiycPCsxbmX536V5NEXpC3Ng==}
    dependencies:
      katex: 0.6.0
    dev: false

  /match-at@0.1.1:
    resolution: {integrity: sha512-h4Yd392z9mST+dzc+yjuybOGFNOZjmXIPKWjxBd1Bb23r4SmDOsk2NYCU2BMUBGbSpZqwVsZYNq26QS3xfaT3Q==}
    dev: false

  /mime-db@1.52.0:
    resolution: {integrity: sha512-sPU4uV7dYlvtWJxwwxHD0PuihVNiE7TyAbQ5SWxDCB9mUYvOgroQOwYQQOKPJ8CIbE+1ETVlOoK1UC2nU3gYvg==}
    engines: {node: '>= 0.6'}
    dev: false

  /mime-types@2.1.35:
    resolution: {integrity: sha512-ZDY+bPm5zTTF+YpCrAU9nK0UgICYPT0QtT1NZWFv4s++TNkcgVaT0g6+4R2uI4MjQjzysHB1zxuWL50hzaeXiw==}
    engines: {node: '>= 0.6'}
    dependencies:
      mime-db: 1.52.0
    dev: false

  /moment@2.29.4:
    resolution: {integrity: sha512-5LC9SOxjSc2HF6vO2CyuTDNivEdoz2IvyJJGj6X8DJ0eFyfszE0QiEd+iXmBvUP3WHxSjFH/vIsA0EN00cgr8w==}
    dev: false

  /nanoid@3.3.6:
    resolution: {integrity: sha512-BGcqMMJuToF7i1rt+2PWSNVnWIkGCU78jBG3RxO/bZlnZPK2Cmi2QaffxGO/2RvWi9sL+FAiRiXMgsyxQ1DIDA==}
    engines: {node: ^10 || ^12 || ^13.7 || ^14 || >=15.0.1}
    hasBin: true

  /path-parse@1.0.7:
    resolution: {integrity: sha512-LDJzPVEEEPR+y48z93A0Ed0yXb8pAByGWo/k5YYdYgpY2/2EsOsksJrq7lOHxryrVOn1ejG6oAp8ahvOIQD8sw==}
    dev: false

  /picocolors@1.0.0:
    resolution: {integrity: sha512-1fygroTLlHu66zi26VoTDv8yRgm0Fccecssto+MhsZ0D/DGW2sm8E8AjW7NU5VVTRt5GxbeZ5qBuJr+HyLYkjQ==}

  /postcss@8.4.31:
    resolution: {integrity: sha512-PS08Iboia9mts/2ygV3eLpY5ghnUcfLV/EXTOW1E2qYxJKGGBUtNjN76FYHnMs36RmARn41bC0AZmn+rR0OVpQ==}
    engines: {node: ^10 || ^12 || >=14}
    dependencies:
      nanoid: 3.3.6
      picocolors: 1.0.0
      source-map-js: 1.0.2

  /preact@10.18.1:
    resolution: {integrity: sha512-mKUD7RRkQQM6s7Rkmi7IFkoEHjuFqRQUaXamO61E6Nn7vqF/bo7EZCmSyrUnp2UWHw0O7XjZ2eeXis+m7tf4lg==}
    dev: false

  /proxy-from-env@1.1.0:
    resolution: {integrity: sha512-D+zkORCbA9f1tdWRK0RaCR3GPv50cMxcrz4X8k5LTSUD1Dkw47mKJEZQNunItRTkWwgtaUSo1RVFRIG9ZXiFYg==}
    dev: false

  /resolve@1.22.8:
    resolution: {integrity: sha512-oKWePCxqpd6FlLvGV1VU0x7bkPmmCNolxzjMf4NczoDnQcIWrAF+cPtZn5i6n+RfD2d9i0tzpKnG6Yk168yIyw==}
    hasBin: true
    dependencies:
      is-core-module: 2.13.0
      path-parse: 1.0.7
      supports-preserve-symlinks-flag: 1.0.0
    dev: false

  /rollup@2.79.1:
    resolution: {integrity: sha512-uKxbd0IhMZOhjAiD5oAFp7BqvkA4Dv47qpOCtaNvng4HBwdbWtdOh8f5nZNuk2rp51PMGk3bzfWu5oayNEuYnw==}
    engines: {node: '>=10.0.0'}
    hasBin: true
    optionalDependencies:
      fsevents: 2.3.3
    dev: false

  /search-insights@2.9.0:
    resolution: {integrity: sha512-bkWW9nIHOFkLwjQ1xqVaMbjjO5vhP26ERsH9Y3pKr8imthofEFIxlnOabkmGcw6ksRj9jWidcI65vvjJH/nTGg==}
    dev: false

  /shiki@0.11.1:
    resolution: {integrity: sha512-EugY9VASFuDqOexOgXR18ZV+TbFrQHeCpEYaXamO+SZlsnT/2LxuLBX25GGtIrwaEVFXUAbUQ601SWE2rMwWHA==}
    dependencies:
      jsonc-parser: 3.2.0
      vscode-oniguruma: 1.7.0
      vscode-textmate: 6.0.0
    dev: false

  /source-map-js@1.0.2:
    resolution: {integrity: sha512-R0XvVJ9WusLiqTCEiGCmICCMplcCkIwwR11mOSD9CR5u+IXYdiseeEuXCVAjS54zqwkLcPNnmU4OeJ6tUrWhDw==}
    engines: {node: '>=0.10.0'}

  /supports-preserve-symlinks-flag@1.0.0:
    resolution: {integrity: sha512-ot0WnXS9fgdkgIcePe6RHNk1WA8+muPa6cSjeR3V8K27q9BB1rTE3R1p7Hv0z1ZyAc8s6Vvv8DIyWf681MAt0w==}
    engines: {node: '>= 0.4'}
    dev: false

  /to-fast-properties@2.0.0:
    resolution: {integrity: sha512-/OaKK0xYrs3DmxRYqL/yDc+FxFUVYhDlXMhRmv3z915w2HF1tnN1omB354j8VUGO/hbRzyD6Y3sA7v7GS/ceog==}
    engines: {node: '>=4'}

  /vite@3.2.7:
    resolution: {integrity: sha512-29pdXjk49xAP0QBr0xXqu2s5jiQIXNvE/xwd0vUizYT2Hzqe4BksNNoWllFVXJf4eLZ+UlVQmXfB4lWrc+t18g==}
    engines: {node: ^14.18.0 || >=16.0.0}
    hasBin: true
    peerDependencies:
      '@types/node': '>= 14'
      less: '*'
      sass: '*'
      stylus: '*'
      sugarss: '*'
      terser: ^5.4.0
    peerDependenciesMeta:
      '@types/node':
        optional: true
      less:
        optional: true
      sass:
        optional: true
      stylus:
        optional: true
      sugarss:
        optional: true
      terser:
        optional: true
    dependencies:
      esbuild: 0.15.18
      postcss: 8.4.31
      resolve: 1.22.8
      rollup: 2.79.1
    optionalDependencies:
      fsevents: 2.3.3
    dev: false

  /vitepress@1.0.0-alpha.28(@algolia/client-search@4.20.0)(search-insights@2.9.0):
    resolution: {integrity: sha512-pvbLssDMgLUN1terajmPlFBxHSDGO4DqwexKbjFyr7LeELerVuwGrG6F2J1hxmwOlbpLd1kHXEDqGm9JX/kTDQ==}
    hasBin: true
    dependencies:
      '@docsearch/css': 3.5.2
      '@docsearch/js': 3.5.2(@algolia/client-search@4.20.0)(search-insights@2.9.0)
      '@vitejs/plugin-vue': 3.2.0(vite@3.2.7)(vue@3.3.4)
      '@vue/devtools-api': 6.5.1
      '@vueuse/core': 9.13.0(vue@3.3.4)
      body-scroll-lock: 4.0.0-beta.0
      shiki: 0.11.1
      vite: 3.2.7
      vue: 3.3.4
    transitivePeerDependencies:
      - '@algolia/client-search'
      - '@types/node'
      - '@types/react'
      - '@vue/composition-api'
      - less
      - react
      - react-dom
      - sass
      - search-insights
      - stylus
      - sugarss
      - terser
    dev: false

  /vscode-oniguruma@1.7.0:
    resolution: {integrity: sha512-L9WMGRfrjOhgHSdOYgCt/yRMsXzLDJSL7BPrOZt73gU0iWO4mpqzqQzOz5srxqTvMBaR0XZTSrVWo4j55Rc6cA==}
    dev: false

  /vscode-textmate@6.0.0:
    resolution: {integrity: sha512-gu73tuZfJgu+mvCSy4UZwd2JXykjK9zAZsfmDeut5dx/1a7FeTk0XwJsSuqQn+cuMCGVbIBfl+s53X4T19DnzQ==}
    dev: false

  /vue-demi@0.14.6(vue@3.3.4):
    resolution: {integrity: sha512-8QA7wrYSHKaYgUxDA5ZC24w+eHm3sYCbp0EzcDwKqN3p6HqtTCGR/GVsPyZW92unff4UlcSh++lmqDWN3ZIq4w==}
    engines: {node: '>=12'}
    hasBin: true
    requiresBuild: true
    peerDependencies:
      '@vue/composition-api': ^1.0.0-rc.1
      vue: ^3.0.0-0 || ^2.6.0
    peerDependenciesMeta:
      '@vue/composition-api':
        optional: true
    dependencies:
      vue: 3.3.4
    dev: false

  /vue-router@4.2.5(vue@3.3.4):
    resolution: {integrity: sha512-DIUpKcyg4+PTQKfFPX88UWhlagBEBEfJ5A8XDXRJLUnZOvcpMF8o/dnL90vpVkGaPbjvXazV/rC1qBKrZlFugw==}
    peerDependencies:
      vue: ^3.2.0
    dependencies:
      '@vue/devtools-api': 6.5.1
      vue: 3.3.4
    dev: false

  /vue@3.3.4:
    resolution: {integrity: sha512-VTyEYn3yvIeY1Py0WaYGZsXnz3y5UnGi62GjVEqvEGPl6nxbOrCXbVOTQWBEJUqAyTUk2uJ5JLVnYJ6ZzGbrSw==}
    dependencies:
      '@vue/compiler-dom': 3.3.4
      '@vue/compiler-sfc': 3.3.4
      '@vue/runtime-dom': 3.3.4
      '@vue/server-renderer': 3.3.4(vue@3.3.4)
      '@vue/shared': 3.3.4

  /vuex@4.1.0(vue@3.3.4):
    resolution: {integrity: sha512-hmV6UerDrPcgbSy9ORAtNXDr9M4wlNP4pEFKye4ujJF8oqgFFuxDCdOLS3eNoRTtq5O3hoBDh9Doj1bQMYHRbQ==}
    peerDependencies:
      vue: ^3.2.0
    dependencies:
      '@vue/devtools-api': 6.5.1
      vue: 3.3.4
    dev: false
